
Microsoft Visual Studio Solution File, Format Version 12.00
# Visual Studio Version 17
VisualStudioVersion = 17.1.32210.238
MinimumVisualStudioVersion = 10.0.40219.1
Project("{FAE04EC0-301F-11D3-BF4B-00C04F79EFBC}") = "cargoinheritence", "cargoinheritence\cargoinheritence.csproj", "{F96F6C25-1D13-4CCB-8676-A4AC81B2D443}"
EndProject
Global
	GlobalSection(SolutionConfigurationPlatforms) = preSolution
		Debug|Any CPU = Debug|Any CPU
		Release|Any CPU = Release|Any CPU
	EndGlobalSection
	GlobalSection(ProjectConfigurationPlatforms) = postSolution
		{F96F6C25-1D13-4CCB-8676-A4AC81B2D443}.Debug|Any CPU.ActiveCfg = Debug|Any CPU
		{F96F6C25-1D13-4CCB-8676-A4AC81B2D443}.Debug|Any CPU.Build.0 = Debug|Any CPU
		{F96F6C25-1D13-4CCB-8676-A4AC81B2D443}.Release|Any CPU.ActiveCfg = Release|Any CPU
		{F96F6C25-1D13-4CCB-8676-A4AC81B2D443}.Release|Any CPU.Build.0 = Release|Any CPU
	EndGlobalSection
	GlobalSection(SolutionProperties) = preSolution
		HideSolutionNode = FALSE
	EndGlobalSection
	GlobalSection(ExtensibilityGlobals) = postSolution
		SolutionGuid = {EA3860C9-C229-4E30-84F5-D2E400D7A7D9}
	EndGlobalSection
EndGlobal
